
Microsoft Visual Studio Solution File, Format Version 12.00
# Visual Studio Version 17
VisualStudioVersion = 17.11.35312.102
MinimumVisualStudioVersion = 10.0.40219.1
Project("{9A19103F-16F7-4668-BE54-9A1E7A4F7556}") = "StarWars.Common", "StarWars.Common\StarWars.Common.csproj", "{B1673AD1-8FF6-4E69-8F72-EBD56D4A9A5D}"
EndProject
Project("{9A19103F-16F7-4668-BE54-9A1E7A4F7556}") = "StarWars.Model", "StarWars.Model\StarWars.Model.csproj", "{E2B1078A-3942-4148-A468-322935BDE2D7}"
EndProject
Project("{9A19103F-16F7-4668-BE54-9A1E7A4F7556}") = "StarWars.Interface", "StarWars.Interface\StarWars.Interface.csproj", "{C5BFE477-14D5-417C-A0FF-A53CAD82710D}"
EndProject
Project("{9A19103F-16F7-4668-BE54-9A1E7A4F7556}") = "StarWars.Repository", "StarWars.Repository\StarWars.Repository.csproj", "{4458030B-A58F-430C-9548-C0F7A967D843}"
EndProject
Project("{9A19103F-16F7-4668-BE54-9A1E7A4F7556}") = "StarWars.Api", "StarWars.Api\StarWars.API.csproj", "{6365F21C-B8F1-4559-B0E5-55FF85D079B4}"
EndProject
Global
	GlobalSection(SolutionConfigurationPlatforms) = preSolution
		Debug|Any CPU = Debug|Any CPU
		Release|Any CPU = Release|Any CPU
	EndGlobalSection
	GlobalSection(ProjectConfigurationPlatforms) = postSolution
		{B1673AD1-8FF6-4E69-8F72-EBD56D4A9A5D}.Debug|Any CPU.ActiveCfg = Debug|Any CPU
		{B1673AD1-8FF6-4E69-8F72-EBD56D4A9A5D}.Debug|Any CPU.Build.0 = Debug|Any CPU
		{B1673AD1-8FF6-4E69-8F72-EBD56D4A9A5D}.Release|Any CPU.ActiveCfg = Release|Any CPU
		{B1673AD1-8FF6-4E69-8F72-EBD56D4A9A5D}.Release|Any CPU.Build.0 = Release|Any CPU
		{E2B1078A-3942-4148-A468-322935BDE2D7}.Debug|Any CPU.ActiveCfg = Debug|Any CPU
		{E2B1078A-3942-4148-A468-322935BDE2D7}.Debug|Any CPU.Build.0 = Debug|Any CPU
		{E2B1078A-3942-4148-A468-322935BDE2D7}.Release|Any CPU.ActiveCfg = Release|Any CPU
		{E2B1078A-3942-4148-A468-322935BDE2D7}.Release|Any CPU.Build.0 = Release|Any CPU
		{C5BFE477-14D5-417C-A0FF-A53CAD82710D}.Debug|Any CPU.ActiveCfg = Debug|Any CPU
		{C5BFE477-14D5-417C-A0FF-A53CAD82710D}.Debug|Any CPU.Build.0 = Debug|Any CPU
		{C5BFE477-14D5-417C-A0FF-A53CAD82710D}.Release|Any CPU.ActiveCfg = Release|Any CPU
		{C5BFE477-14D5-417C-A0FF-A53CAD82710D}.Release|Any CPU.Build.0 = Release|Any CPU
		{4458030B-A58F-430C-9548-C0F7A967D843}.Debug|Any CPU.ActiveCfg = Debug|Any CPU
		{4458030B-A58F-430C-9548-C0F7A967D843}.Debug|Any CPU.Build.0 = Debug|Any CPU
		{4458030B-A58F-430C-9548-C0F7A967D843}.Release|Any CPU.ActiveCfg = Release|Any CPU
		{4458030B-A58F-430C-9548-C0F7A967D843}.Release|Any CPU.Build.0 = Release|Any CPU
		{6365F21C-B8F1-4559-B0E5-55FF85D079B4}.Debug|Any CPU.ActiveCfg = Debug|Any CPU
		{6365F21C-B8F1-4559-B0E5-55FF85D079B4}.Debug|Any CPU.Build.0 = Debug|Any CPU
		{6365F21C-B8F1-4559-B0E5-55FF85D079B4}.Release|Any CPU.ActiveCfg = Release|Any CPU
		{6365F21C-B8F1-4559-B0E5-55FF85D079B4}.Release|Any CPU.Build.0 = Release|Any CPU
	EndGlobalSection
	GlobalSection(SolutionProperties) = preSolution
		HideSolutionNode = FALSE
	EndGlobalSection
	GlobalSection(ExtensibilityGlobals) = postSolution
		SolutionGuid = {07361872-0438-4861-9DA9-123AAEF25415}
	EndGlobalSection
EndGlobal
